
Microsoft Visual Studio Solution File, Format Version 12.00
# Visual Studio Version 17
VisualStudioVersion = 17.7.34031.279
MinimumVisualStudioVersion = 10.0.40219.1
Project("{FAE04EC0-301F-11D3-BF4B-00C04F79EFBC}") = "Projeto.NET", "Projeto.NET.csproj", "{BD0EC57C-5763-4287-B9EA-C055B43B30DD}"
EndProject
Global
	GlobalSection(SolutionConfigurationPlatforms) = preSolution
		Debug|Any CPU = Debug|Any CPU
		Release|Any CPU = Release|Any CPU
	EndGlobalSection
	GlobalSection(ProjectConfigurationPlatforms) = postSolution
		{BD0EC57C-5763-4287-B9EA-C055B43B30DD}.Debug|Any CPU.ActiveCfg = Debug|Any CPU
		{BD0EC57C-5763-4287-B9EA-C055B43B30DD}.Debug|Any CPU.Build.0 = Debug|Any CPU
		{BD0EC57C-5763-4287-B9EA-C055B43B30DD}.Release|Any CPU.ActiveCfg = Release|Any CPU
		{BD0EC57C-5763-4287-B9EA-C055B43B30DD}.Release|Any CPU.Build.0 = Release|Any CPU
	EndGlobalSection
	GlobalSection(SolutionProperties) = preSolution
		HideSolutionNode = FALSE
	EndGlobalSection
	GlobalSection(ExtensibilityGlobals) = postSolution
		SolutionGuid = {5EFC138B-09AA-48BD-B9CB-6078522867D0}
	EndGlobalSection
EndGlobal
